
Microsoft Visual Studio Solution File, Format Version 12.00
# Visual Studio Version 16
VisualStudioVersion = 16.0.31205.134
MinimumVisualStudioVersion = 10.0.40219.1
Project("{9A19103F-16F7-4668-BE54-9A1E7A4F7556}") = "Movie_Collection", "Movie_Collection.csproj", "{823DDDDC-574C-46B8-9C63-8B72F0292623}"
EndProject
Global
	GlobalSection(SolutionConfigurationPlatforms) = preSolution
		Debug|Any CPU = Debug|Any CPU
		Release|Any CPU = Release|Any CPU
	EndGlobalSection
	GlobalSection(ProjectConfigurationPlatforms) = postSolution
		{823DDDDC-574C-46B8-9C63-8B72F0292623}.Debug|Any CPU.ActiveCfg = Debug|Any CPU
		{823DDDDC-574C-46B8-9C63-8B72F0292623}.Debug|Any CPU.Build.0 = Debug|Any CPU
		{823DDDDC-574C-46B8-9C63-8B72F0292623}.Release|Any CPU.ActiveCfg = Release|Any CPU
		{823DDDDC-574C-46B8-9C63-8B72F0292623}.Release|Any CPU.Build.0 = Release|Any CPU
	EndGlobalSection
	GlobalSection(SolutionProperties) = preSolution
		HideSolutionNode = FALSE
	EndGlobalSection
	GlobalSection(ExtensibilityGlobals) = postSolution
		SolutionGuid = {363B313F-2FF9-4902-A8C7-0AB46EA39652}
	EndGlobalSection
EndGlobal
